
Microsoft Visual Studio Solution File, Format Version 12.00
# Visual Studio Version 17
VisualStudioVersion = 17.3.32811.315
MinimumVisualStudioVersion = 10.0.40219.1
Project("{9A19103F-16F7-4668-BE54-9A1E7A4F7556}") = "AngiesCleaningRobot", "AngiesCleaningRobot\AngiesCleaningRobot.csproj", "{843105A7-396D-4CCD-BFD8-24FD87E20933}"
EndProject
Project("{FAE04EC0-301F-11D3-BF4B-00C04F79EFBC}") = "TestMyRobot", "TestMyCleaningRobot\TestMyRobot.csproj", "{60D4FFC5-087E-4456-A5BB-1A2E7ECDF2A3}"
EndProject
Global
	GlobalSection(SolutionConfigurationPlatforms) = preSolution
		Debug|Any CPU = Debug|Any CPU
		Release|Any CPU = Release|Any CPU
	EndGlobalSection
	GlobalSection(ProjectConfigurationPlatforms) = postSolution
		{843105A7-396D-4CCD-BFD8-24FD87E20933}.Debug|Any CPU.ActiveCfg = Debug|Any CPU
		{843105A7-396D-4CCD-BFD8-24FD87E20933}.Debug|Any CPU.Build.0 = Debug|Any CPU
		{843105A7-396D-4CCD-BFD8-24FD87E20933}.Release|Any CPU.ActiveCfg = Release|Any CPU
		{843105A7-396D-4CCD-BFD8-24FD87E20933}.Release|Any CPU.Build.0 = Release|Any CPU
		{60D4FFC5-087E-4456-A5BB-1A2E7ECDF2A3}.Debug|Any CPU.ActiveCfg = Debug|Any CPU
		{60D4FFC5-087E-4456-A5BB-1A2E7ECDF2A3}.Debug|Any CPU.Build.0 = Debug|Any CPU
		{60D4FFC5-087E-4456-A5BB-1A2E7ECDF2A3}.Release|Any CPU.ActiveCfg = Release|Any CPU
		{60D4FFC5-087E-4456-A5BB-1A2E7ECDF2A3}.Release|Any CPU.Build.0 = Release|Any CPU
	EndGlobalSection
	GlobalSection(SolutionProperties) = preSolution
		HideSolutionNode = FALSE
	EndGlobalSection
	GlobalSection(ExtensibilityGlobals) = postSolution
		SolutionGuid = {D7E57930-7607-4ABB-943A-CA5FD2C6C4F5}
	EndGlobalSection
EndGlobal
